
Microsoft Visual Studio Solution File, Format Version 12.00
# Visual Studio 2015
Project("{FAE04EC0-301F-11D3-BF4B-00C04F79EFBC}") = "MonsterTower", "MonsterTower.csproj", "{1F945FE0-7EAC-5C24-08C6-67EF3855A6AA}"
EndProject
Global
	GlobalSection(SolutionConfigurationPlatforms) = preSolution
		Debug|Any CPU = Debug|Any CPU
		Release|Any CPU = Release|Any CPU
	EndGlobalSection
	GlobalSection(ProjectConfigurationPlatforms) = postSolution
		{1F945FE0-7EAC-5C24-08C6-67EF3855A6AA}.Debug|Any CPU.ActiveCfg = Debug|Any CPU
		{1F945FE0-7EAC-5C24-08C6-67EF3855A6AA}.Debug|Any CPU.Build.0 = Debug|Any CPU
		{1F945FE0-7EAC-5C24-08C6-67EF3855A6AA}.Release|Any CPU.ActiveCfg = Release|Any CPU
		{1F945FE0-7EAC-5C24-08C6-67EF3855A6AA}.Release|Any CPU.Build.0 = Release|Any CPU
	EndGlobalSection
	GlobalSection(SolutionProperties) = preSolution
		HideSolutionNode = FALSE
	EndGlobalSection
EndGlobal
